
Microsoft Visual Studio Solution File, Format Version 11.00
# Visual Studio 2010
Project("{8BC9CEB8-8B4A-11D0-8D11-00A0C91BC942}") = "injector", "injector\injector.vcxproj", "{DB70E122-2EE7-402A-8871-25AC030387A3}"
EndProject
Project("{8BC9CEB8-8B4A-11D0-8D11-00A0C91BC942}") = "AnExtensionFramework", "AnExtensionFramework\axf.vcxproj", "{82950C53-F1AE-4F45-A50F-EF16F7888A6F}"
EndProject
Project("{8BC9CEB8-8B4A-11D0-8D11-00A0C91BC942}") = "wingui", "wingui\wingui.vcxproj", "{D4A4D332-7D04-43BE-AC8F-9B483E128CFE}"
EndProject
Project("{8BC9CEB8-8B4A-11D0-8D11-00A0C91BC942}") = "memoryext", "memoryext\memoryext.vcxproj", "{FBAB8157-B2A9-4AA6-8E6C-C9A52CB0E565}"
EndProject
Project("{8BC9CEB8-8B4A-11D0-8D11-00A0C91BC942}") = "trainer_example", "trainer_example\trainer_example.vcxproj", "{C6C0C008-7DAF-4D53-ADC1-1E67B7E853C6}"
EndProject
Global
	GlobalSection(SolutionConfigurationPlatforms) = preSolution
		Debug|Win32 = Debug|Win32
		Debug|x64 = Debug|x64
		Release|Win32 = Release|Win32
		Release|x64 = Release|x64
	EndGlobalSection
	GlobalSection(ProjectConfigurationPlatforms) = postSolution
		{DB70E122-2EE7-402A-8871-25AC030387A3}.Debug|Win32.ActiveCfg = Debug|Win32
		{DB70E122-2EE7-402A-8871-25AC030387A3}.Debug|Win32.Build.0 = Debug|Win32
		{DB70E122-2EE7-402A-8871-25AC030387A3}.Debug|x64.ActiveCfg = Debug|x64
		{DB70E122-2EE7-402A-8871-25AC030387A3}.Debug|x64.Build.0 = Debug|x64
		{DB70E122-2EE7-402A-8871-25AC030387A3}.Release|Win32.ActiveCfg = Release|Win32
		{DB70E122-2EE7-402A-8871-25AC030387A3}.Release|Win32.Build.0 = Release|Win32
		{DB70E122-2EE7-402A-8871-25AC030387A3}.Release|x64.ActiveCfg = Release|x64
		{DB70E122-2EE7-402A-8871-25AC030387A3}.Release|x64.Build.0 = Release|x64
		{82950C53-F1AE-4F45-A50F-EF16F7888A6F}.Debug|Win32.ActiveCfg = Debug|Win32
		{82950C53-F1AE-4F45-A50F-EF16F7888A6F}.Debug|Win32.Build.0 = Debug|Win32
		{82950C53-F1AE-4F45-A50F-EF16F7888A6F}.Debug|x64.ActiveCfg = Debug|Win32
		{82950C53-F1AE-4F45-A50F-EF16F7888A6F}.Release|Win32.ActiveCfg = Release|Win32
		{82950C53-F1AE-4F45-A50F-EF16F7888A6F}.Release|Win32.Build.0 = Release|Win32
		{82950C53-F1AE-4F45-A50F-EF16F7888A6F}.Release|x64.ActiveCfg = Release|Win32
		{D4A4D332-7D04-43BE-AC8F-9B483E128CFE}.Debug|Win32.ActiveCfg = Debug|Win32
		{D4A4D332-7D04-43BE-AC8F-9B483E128CFE}.Debug|Win32.Build.0 = Debug|Win32
		{D4A4D332-7D04-43BE-AC8F-9B483E128CFE}.Debug|x64.ActiveCfg = Debug|Win32
		{D4A4D332-7D04-43BE-AC8F-9B483E128CFE}.Release|Win32.ActiveCfg = Release|Win32
		{D4A4D332-7D04-43BE-AC8F-9B483E128CFE}.Release|Win32.Build.0 = Release|Win32
		{D4A4D332-7D04-43BE-AC8F-9B483E128CFE}.Release|x64.ActiveCfg = Release|Win32
		{FBAB8157-B2A9-4AA6-8E6C-C9A52CB0E565}.Debug|Win32.ActiveCfg = Debug|Win32
		{FBAB8157-B2A9-4AA6-8E6C-C9A52CB0E565}.Debug|Win32.Build.0 = Debug|Win32
		{FBAB8157-B2A9-4AA6-8E6C-C9A52CB0E565}.Debug|x64.ActiveCfg = Debug|Win32
		{FBAB8157-B2A9-4AA6-8E6C-C9A52CB0E565}.Release|Win32.ActiveCfg = Release|Win32
		{FBAB8157-B2A9-4AA6-8E6C-C9A52CB0E565}.Release|Win32.Build.0 = Release|Win32
		{FBAB8157-B2A9-4AA6-8E6C-C9A52CB0E565}.Release|x64.ActiveCfg = Release|Win32
		{C6C0C008-7DAF-4D53-ADC1-1E67B7E853C6}.Debug|Win32.ActiveCfg = Debug|Win32
		{C6C0C008-7DAF-4D53-ADC1-1E67B7E853C6}.Debug|Win32.Build.0 = Debug|Win32
		{C6C0C008-7DAF-4D53-ADC1-1E67B7E853C6}.Debug|x64.ActiveCfg = Debug|Win32
		{C6C0C008-7DAF-4D53-ADC1-1E67B7E853C6}.Release|Win32.ActiveCfg = Release|Win32
		{C6C0C008-7DAF-4D53-ADC1-1E67B7E853C6}.Release|Win32.Build.0 = Release|Win32
		{C6C0C008-7DAF-4D53-ADC1-1E67B7E853C6}.Release|x64.ActiveCfg = Release|Win32
	EndGlobalSection
	GlobalSection(SolutionProperties) = preSolution
		HideSolutionNode = FALSE
	EndGlobalSection
EndGlobal
